// !$*UTF8*$!
{
	archiveVersion = 1;
	classes = {
	};
	objectVersion = 46;
	objects = {

/* Begin PBXBuildFile section */
		A9343C6E1ECA8867002266CE /* AppDelegate.swift in Sources */ = {isa = PBXBuildFile; fileRef = A9343C6D1ECA8867002266CE /* AppDelegate.swift */; };
		A9343C701ECA8867002266CE /* ViewController.swift in Sources */ = {isa = PBXBuildFile; fileRef = A9343C6F1ECA8867002266CE /* ViewController.swift */; };
		A9343C731ECA8867002266CE /* Main.storyboard in Resources */ = {isa = PBXBuildFile; fileRef = A9343C711ECA8867002266CE /* Main.storyboard */; };
		A9343C751ECA8867002266CE /* Assets.xcassets in Resources */ = {isa = PBXBuildFile; fileRef = A9343C741ECA8867002266CE /* Assets.xcassets */; };
		A9343C781ECA8867002266CE /* LaunchScreen.storyboard in Resources */ = {isa = PBXBuildFile; fileRef = A9343C761ECA8867002266CE /* LaunchScreen.storyboard */; };
		A9343C831ECA8867002266CE /* EasyBrowserTests.swift in Sources */ = {isa = PBXBuildFile; fileRef = A9343C821ECA8867002266CE /* EasyBrowserTests.swift */; };
/* End PBXBuildFile section */

/* Begin PBXContainerItemProxy section */
		A9343C7F1ECA8867002266CE /* PBXContainerItemProxy */ = {
			isa = PBXContainerItemProxy;
			containerPortal = A9343C621ECA8867002266CE /* Project object */;
			proxyType = 1;
			remoteGlobalIDString = A9343C691ECA8867002266CE;
			remoteInfo = EasyBrowser;
		};
/* End PBXContainerItemProxy section */

/* Begin PBXFileReference section */
		A9343C6A1ECA8867002266CE /* EasyBrowser.app */ = {isa = PBXFileReference; explicitFileType = wrapper.application; includeInIndex = 0; path = EasyBrowser.app; sourceTree = BUILT_PRODUCTS_DIR; };
		A9343C6D1ECA8867002266CE /* AppDelegate.swift */ = {isa = PBXFileReference; lastKnownFileType = sourcecode.swift; path = AppDelegate.swift; sourceTree = "<group>"; };
		A9343C6F1ECA8867002266CE /* ViewController.swift */ = {isa = PBXFileReference; lastKnownFileType = sourcecode.swift; path = ViewController.swift; sourceTree = "<group>"; };
		A9343C721ECA8867002266CE /* Base */ = {isa = PBXFileReference; lastKnownFileType = file.storyboard; name = Base; path = Base.lproj/Main.storyboard; sourceTree = "<group>"; };
		A9343C741ECA8867002266CE /* Assets.xcassets */ = {isa = PBXFileReference; lastKnownFileType = folder.assetcatalog; path = Assets.xcassets; sourceTree = "<group>"; };
		A9343C771ECA8867002266CE /* Base */ = {isa = PBXFileReference; lastKnownFileType = file.storyboard; name = Base; path = Base.lproj/LaunchScreen.storyboard; sourceTree = "<group>"; };
		A9343C791ECA8867002266CE /* Info.plist */ = {isa = PBXFileReference; lastKnownFileType = text.plist.xml; path = Info.plist; sourceTree = "<group>"; };
		A9343C7E1ECA8867002266CE /* EasyBrowserTests.xctest */ = {isa = PBXFileReference; explicitFileType = wrapper.cfbundle; includeInIndex = 0; path = EasyBrowserTests.xctest; sourceTree = BUILT_PRODUCTS_DIR; };
		A9343C821ECA8867002266CE /* EasyBrowserTests.swift */ = {isa = PBXFileReference; lastKnownFileType = sourcecode.swift; path = EasyBrowserTests.swift; sourceTree = "<group>"; };
		A9343C841ECA8867002266CE /* Info.plist */ = {isa = PBXFileReference; lastKnownFileType = text.plist.xml; path = Info.plist; sourceTree = "<group>"; };
/* End PBXFileReference section */

/* Begin PBXFrameworksBuildPhase section */
		A9343C671ECA8867002266CE /* Frameworks */ = {
			isa = PBXFrameworksBuildPhase;
			buildActionMask = 2147483647;
			files = (
			);
			runOnlyForDeploymentPostprocessing = 0;
		};
		A9343C7B1ECA8867002266CE /* Frameworks */ = {
			isa = PBXFrameworksBuildPhase;
			buildActionMask = 2147483647;
			files = (
			);
			runOnlyForDeploymentPostprocessing = 0;
		};
/* End PBXFrameworksBuildPhase section */

/* Begin PBXGroup section */
		A9343C611ECA8867002266CE = {
			isa = PBXGroup;
			children = (
				A9343C6C1ECA8867002266CE /* EasyBrowser */,
				A9343C811ECA8867002266CE /* EasyBrowserTests */,
				A9343C6B1ECA8867002266CE /* Products */,
			);
			sourceTree = "<group>";
		};
		A9343C6B1ECA8867002266CE /* Products */ = {
			isa = PBXGroup;
			children = (
				A9343C6A1ECA8867002266CE /* EasyBrowser.app */,
				A9343C7E1ECA8867002266CE /* EasyBrowserTests.xctest */,
			);
			name = Products;
			sourceTree = "<group>";
		};
		A9343C6C1ECA8867002266CE /* EasyBrowser */ = {
			isa = PBXGroup;
			children = (
				A9343C6D1ECA8867002266CE /* AppDelegate.swift */,
				A9343C6F1ECA8867002266CE /* ViewController.swift */,
				A9343C711ECA8867002266CE /* Main.storyboard */,
				A9343C741ECA8867002266CE /* Assets.xcassets */,
				A9343C761ECA8867002266CE /* LaunchScreen.storyboard */,
				A9343C791ECA8867002266CE /* Info.plist */,
			);
			path = EasyBrowser;
			sourceTree = "<group>";
		};
		A9343C811ECA8867002266CE /* EasyBrowserTests */ = {
			isa = PBXGroup;
			children = (
				A9343C821ECA8867002266CE /* EasyBrowserTests.swift */,
				A9343C841ECA8867002266CE /* Info.plist */,
			);
			path = EasyBrowserTests;
			sourceTree = "<group>";
		};
/* End PBXGroup section */

/* Begin PBXNativeTarget section */
		A9343C691ECA8867002266CE /* EasyBrowser */ = {
			isa = PBXNativeTarget;
			buildConfigurationList = A9343C871ECA8867002266CE /* Build configuration list for PBXNativeTarget "EasyBrowser" */;
			buildPhases = (
				A9343C661ECA8867002266CE /* Sources */,
				A9343C671ECA8867002266CE /* Frameworks */,
				A9343C681ECA8867002266CE /* Resources */,
			);
			buildRules = (
			);
			dependencies = (
			);
			name = EasyBrowser;
			productName = EasyBrowser;
			productReference = A9343C6A1ECA8867002266CE /* EasyBrowser.app */;
			productType = "com.apple.product-type.application";
		};
		A9343C7D1ECA8867002266CE /* EasyBrowserTests */ = {
			isa = PBXNativeTarget;
			buildConfigurationList = A9343C8A1ECA8867002266CE /* Build configuration list for PBXNativeTarget "EasyBrowserTests" */;
			buildPhases = (
				A9343C7A1ECA8867002266CE /* Sources */,
				A9343C7B1ECA8867002266CE /* Frameworks */,
				A9343C7C1ECA8867002266CE /* Resources */,
			);
			buildRules = (
			);
			dependencies = (
				A9343C801ECA8867002266CE /* PBXTargetDependency */,
			);
			name = EasyBrowserTests;
			productName = EasyBrowserTests;
			productReference = A9343C7E1ECA8867002266CE /* EasyBrowserTests.xctest */;
			productType = "com.apple.product-type.bundle.unit-test";
		};
/* End PBXNativeTarget section */

/* Begin PBXProject section */
		A9343C621ECA8867002266CE /* Project object */ = {
			isa = PBXProject;
			attributes = {
				LastSwiftUpdateCheck = 0830;
				LastUpgradeCheck = 0830;
				ORGANIZATIONNAME = "Marco Nie";
				TargetAttributes = {
					A9343C691ECA8867002266CE = {
						CreatedOnToolsVersion = 8.3.2;
						DevelopmentTeam = 4R654B6GSN;
						ProvisioningStyle = Automatic;
					};
					A9343C7D1ECA8867002266CE = {
						CreatedOnToolsVersion = 8.3.2;
						DevelopmentTeam = 4R654B6GSN;
						ProvisioningStyle = Automatic;
						TestTargetID = A9343C691ECA8867002266CE;
					};
				};
			};
			buildConfigurationList = A9343C651ECA8867002266CE /* Build configuration list for PBXProject "EasyBrowser" */;
			compatibilityVersion = "Xcode 3.2";
			developmentRegion = English;
			hasScannedForEncodings = 0;
			knownRegions = (
				en,
				Base,
			);
			mainGroup = A9343C611ECA8867002266CE;
			productRefGroup = A9343C6B1ECA8867002266CE /* Products */;
			projectDirPath = "";
			projectRoot = "";
			targets = (
				A9343C691ECA8867002266CE /* EasyBrowser */,
				A9343C7D1ECA8867002266CE /* EasyBrowserTests */,
			);
		};
/* End PBXProject section */

/* Begin PBXResourcesBuildPhase section */
		A9343C681ECA8867002266CE /* Resources */ = {
			isa = PBXResourcesBuildPhase;
			buildActionMask = 2147483647;
			files = (
				A9343C781ECA8867002266CE /* LaunchScreen.storyboard in Resources */,
				A9343C751ECA8867002266CE /* Assets.xcassets in Resources */,
				A9343C731ECA8867002266CE /* Main.storyboard in Resources */,
			);
			runOnlyForDeploymentPostprocessing = 0;
		};
		A9343C7C1ECA8867002266CE /* Resources */ = {
			isa = PBXResourcesBuildPhase;
			buildActionMask = 2147483647;
			files = (
			);
			runOnlyForDeploymentPostprocessing = 0;
		};
/* End PBXResourcesBuildPhase section */

/* Begin PBXSourcesBuildPhase section */
		A9343C661ECA8867002266CE /* Sources */ = {
			isa = PBXSourcesBuildPhase;
			buildActionMask = 2147483647;
			files = (
				A9343C701ECA8867002266CE /* ViewController.swift in Sources */,
				A9343C6E1ECA8867002266CE /* AppDelegate.swift in Sources */,
			);
			runOnlyForDeploymentPostprocessing = 0;
		};
		A9343C7A1ECA8867002266CE /* Sources */ = {
			isa = PBXSourcesBuildPhase;
			buildActionMask = 2147483647;
			files = (
				A9343C831ECA8867002266CE /* EasyBrowserTests.swift in Sources */,
			);
			runOnlyForDeploymentPostprocessing = 0;
		};
/* End PBXSourcesBuildPhase section */

/* Begin PBXTargetDependency section */
		A9343C801ECA8867002266CE /* PBXTargetDependency */ = {
			isa = PBXTargetDependency;
			target = A9343C691ECA8867002266CE /* EasyBrowser */;
			targetProxy = A9343C7F1ECA8867002266CE /* PBXContainerItemProxy */;
		};
/* End PBXTargetDependency section */

/* Begin PBXVariantGroup section */
		A9343C711ECA8867002266CE /* Main.storyboard */ = {
			isa = PBXVariantGroup;
			children = (
				A9343C721ECA8867002266CE /* Base */,
			);
			name = Main.storyboard;
			sourceTree = "<group>";
		};
		A9343C761ECA8867002266CE /* LaunchScreen.storyboard */ = {
			isa = PBXVariantGroup;
			children = (
				A9343C771ECA8867002266CE /* Base */,
			);
			name = LaunchScreen.storyboard;
			sourceTree = "<group>";
		};
/* End PBXVariantGroup section */

/* Begin XCBuildConfiguration section */
		A9343C851ECA8867002266CE /* Debug */ = {
			isa = XCBuildConfiguration;
			buildSettings = {
				ALWAYS_SEARCH_USER_PATHS = NO;
				CLANG_ANALYZER_NONNULL = YES;
				CLANG_ANALYZER_NUMBER_OBJECT_CONVERSION = YES_AGGRESSIVE;
				CLANG_CXX_LANGUAGE_STANDARD = "gnu++0x";
				CLANG_CXX_LIBRARY = "libc++";
				CLANG_ENABLE_MODULES = YES;
				CLANG_ENABLE_OBJC_ARC = YES;
				CLANG_WARN_BOOL_CONVERSION = YES;
				CLANG_WARN_CONSTANT_CONVERSION = YES;
				CLANG_WARN_DIRECT_OBJC_ISA_USAGE = YES_ERROR;
				CLANG_WARN_DOCUMENTATION_COMMENTS = YES;
				CLANG_WARN_EMPTY_BODY = YES;
				CLANG_WARN_ENUM_CONVERSION = YES;
				CLANG_WARN_INFINITE_RECURSION = YES;
				CLANG_WARN_INT_CONVERSION = YES;
				CLANG_WARN_OBJC_ROOT_CLASS = YES_ERROR;
				CLANG_WARN_SUSPICIOUS_MOVE = YES;
				CLANG_WARN_UNREACHABLE_CODE = YES;
				CLANG_WARN__DUPLICATE_METHOD_MATCH = YES;
				"CODE_SIGN_IDENTITY[sdk=iphoneos*]" = "iPhone Developer";
				COPY_PHASE_STRIP = NO;
				DEBUG_INFORMATION_FORMAT = dwarf;
				ENABLE_STRICT_OBJC_MSGSEND = YES;
				ENABLE_TESTABILITY = YES;
				GCC_C_LANGUAGE_STANDARD = gnu99;
				GCC_DYNAMIC_NO_PIC = NO;
				GCC_NO_COMMON_BLOCKS = YES;
				GCC_OPTIMIZATION_LEVEL = 0;
				GCC_PREPROCESSOR_DEFINITIONS = (
					"DEBUG=1",
					"$(inherited)",
				);
				GCC_WARN_64_TO_32_BIT_CONVERSION = YES;
				GCC_WARN_ABOUT_RETURN_TYPE = YES_ERROR;
				GCC_WARN_UNDECLARED_SELECTOR = YES;
				GCC_WARN_UNINITIALIZED_AUTOS = YES_AGGRESSIVE;
				GCC_WARN_UNUSED_FUNCTION = YES;
				GCC_WARN_UNUSED_VARIABLE = YES;
				IPHONEOS_DEPLOYMENT_TARGET = 10.3;
				MTL_ENABLE_DEBUG_INFO = YES;
				ONLY_ACTIVE_ARCH = YES;
				SDKROOT = iphoneos;
				SWIFT_ACTIVE_COMPILATION_CONDITIONS = DEBUG;
				SWIFT_OPTIMIZATION_LEVEL = "-Onone";
				TARGETED_DEVICE_FAMILY = "1,2";
			};
			name = Debug;
		};
		A9343C861ECA8867002266CE /* Release */ = {
			isa = XCBuildConfiguration;
			buildSettings = {
				ALWAYS_SEARCH_USER_PATHS = NO;
				CLANG_ANALYZER_NONNULL = YES;
				CLANG_ANALYZER_NUMBER_OBJECT_CONVERSION = YES_AGGRESSIVE;
				CLANG_CXX_LANGUAGE_STANDARD = "gnu++0x";
				CLANG_CXX_LIBRARY = "libc++";
				CLANG_ENABLE_MODULES = YES;
				CLANG_ENABLE_OBJC_ARC = YES;
				CLANG_WARN_BOOL_CONVERSION = YES;
				CLANG_WARN_CONSTANT_CONVERSION = YES;
				CLANG_WARN_DIRECT_OBJC_ISA_USAGE = YES_ERROR;
				CLANG_WARN_DOCUMENTATION_COMMENTS = YES;
				CLANG_WARN_EMPTY_BODY = YES;
				CLANG_WARN_ENUM_CONVERSION = YES;
				CLANG_WARN_INFINITE_RECURSION = YES;
				CLANG_WARN_INT_CONVERSION = YES;
				CLANG_WARN_OBJC_ROOT_CLASS = YES_ERROR;
				CLANG_WARN_SUSPICIOUS_MOVE = YES;
				CLANG_WARN_UNREACHABLE_CODE = YES;
				CLANG_WARN__DUPLICATE_METHOD_MATCH = YES;
				"CODE_SIGN_IDENTITY[sdk=iphoneos*]" = "iPhone Developer";
				COPY_PHASE_STRIP = NO;
				DEBUG_INFORMATION_FORMAT = "dwarf-with-dsym";
				ENABLE_NS_ASSERTIONS = NO;
				ENABLE_STRICT_OBJC_MSGSEND = YES;
				GCC_C_LANGUAGE_STANDARD = gnu99;
				GCC_NO_COMMON_BLOCKS = YES;
				GCC_WARN_64_TO_32_BIT_CONVERSION = YES;
				GCC_WARN_ABOUT_RETURN_TYPE = YES_ERROR;
				GCC_WARN_UNDECLARED_SELECTOR = YES;
				GCC_WARN_UNINITIALIZED_AUTOS = YES_AGGRESSIVE;
				GCC_WARN_UNUSED_FUNCTION = YES;
				GCC_WARN_UNUSED_VARIABLE = YES;
				IPHONEOS_DEPLOYMENT_TARGET = 10.3;
				MTL_ENABLE_DEBUG_INFO = NO;
				SDKROOT = iphoneos;
				SWIFT_OPTIMIZATION_LEVEL = "-Owholemodule";
				TARGETED_DEVICE_FAMILY = "1,2";
				VALIDATE_PRODUCT = YES;
			};
			name = Release;
		};
		A9343C881ECA8867002266CE /* Debug */ = {
			isa = XCBuildConfiguration;
			buildSettings = {
				ASSETCATALOG_COMPILER_APPICON_NAME = AppIcon;
				DEVELOPMENT_TEAM = 4R654B6GSN;
				INFOPLIST_FILE = EasyBrowser/Info.plist;
				LD_RUNPATH_SEARCH_PATHS = "$(inherited) @executable_path/Frameworks";
				PRODUCT_BUNDLE_IDENTIFIER = com.nie11kun.EasyBrowser;
				PRODUCT_NAME = "$(TARGET_NAME)";
				SWIFT_VERSION = 3.0;
			};
			name = Debug;
		};
		A9343C891ECA8867002266CE /* Release */ = {
			isa = XCBuildConfiguration;
			buildSettings = {
				ASSETCATALOG_COMPILER_APPICON_NAME = AppIcon;
				DEVELOPMENT_TEAM = 4R654B6GSN;
				INFOPLIST_FILE = EasyBrowser/Info.plist;
				LD_RUNPATH_SEARCH_PATHS = "$(inherited) @executable_path/Frameworks";
				PRODUCT_BUNDLE_IDENTIFIER = com.nie11kun.EasyBrowser;
				PRODUCT_NAME = "$(TARGET_NAME)";
				SWIFT_VERSION = 3.0;
			};
			name = Release;
		};
		A9343C8B1ECA8867002266CE /* Debug */ = {
			isa = XCBuildConfiguration;
			buildSettings = {
				ALWAYS_EMBED_SWIFT_STANDARD_LIBRARIES = YES;
				BUNDLE_LOADER = "$(TEST_HOST)";
				DEVELOPMENT_TEAM = 4R654B6GSN;
				INFOPLIST_FILE = EasyBrowserTests/Info.plist;
				LD_RUNPATH_SEARCH_PATHS = "$(inherited) @executable_path/Frameworks @loader_path/Frameworks";
				PRODUCT_BUNDLE_IDENTIFIER = com.nie11kun.EasyBrowserTests;
				PRODUCT_NAME = "$(TARGET_NAME)";
				SWIFT_VERSION = 3.0;
				TEST_HOST = "$(BUILT_PRODUCTS_DIR)/EasyBrowser.app/EasyBrowser";
			};
			name = Debug;
		};
		A9343C8C1ECA8867002266CE /* Release */ = {
			isa = XCBuildConfiguration;
			buildSettings = {
				ALWAYS_EMBED_SWIFT_STANDARD_LIBRARIES = YES;
				BUNDLE_LOADER = "$(TEST_HOST)";
				DEVELOPMENT_TEAM = 4R654B6GSN;
				INFOPLIST_FILE = EasyBrowserTests/Info.plist;
				LD_RUNPATH_SEARCH_PATHS = "$(inherited) @executable_path/Frameworks @loader_path/Frameworks";
				PRODUCT_BUNDLE_IDENTIFIER = com.nie11kun.EasyBrowserTests;
				PRODUCT_NAME = "$(TARGET_NAME)";
				SWIFT_VERSION = 3.0;
				TEST_HOST = "$(BUILT_PRODUCTS_DIR)/EasyBrowser.app/EasyBrowser";
			};
			name = Release;
		};
/* End XCBuildConfiguration section */

/* Begin XCConfigurationList section */
		A9343C651ECA8867002266CE /* Build configuration list for PBXProject "EasyBrowser" */ = {
			isa = XCConfigurationList;
			buildConfigurations = (
				A9343C851ECA8867002266CE /* Debug */,
				A9343C861ECA8867002266CE /* Release */,
			);
			defaultConfigurationIsVisible = 0;
			defaultConfigurationName = Release;
		};
		A9343C871ECA8867002266CE /* Build configuration list for PBXNativeTarget "EasyBrowser" */ = {
			isa = XCConfigurationList;
			buildConfigurations = (
				A9343C881ECA8867002266CE /* Debug */,
				A9343C891ECA8867002266CE /* Release */,
			);
			defaultConfigurationIsVisible = 0;
		};
		A9343C8A1ECA8867002266CE /* Build configuration list for PBXNativeTarget "EasyBrowserTests" */ = {
			isa = XCConfigurationList;
			buildConfigurations = (
				A9343C8B1ECA8867002266CE /* Debug */,
				A9343C8C1ECA8867002266CE /* Release */,
			);
			defaultConfigurationIsVisible = 0;
		};
/* End XCConfigurationList section */
	};
	rootObject = A9343C621ECA8867002266CE /* Project object */;
}
